
Microsoft Visual Studio Solution File, Format Version 12.00
# Visual Studio Version 17
VisualStudioVersion = 17.4.33213.308
MinimumVisualStudioVersion = 10.0.40219.1
Project("{FAE04EC0-301F-11D3-BF4B-00C04F79EFBC}") = "Lab1", "Lab1.csproj", "{FE76891C-A20F-4924-9E0B-B193B6B11214}"
EndProject
Global
	GlobalSection(SolutionConfigurationPlatforms) = preSolution
		Debug|Any CPU = Debug|Any CPU
		Release|Any CPU = Release|Any CPU
	EndGlobalSection
	GlobalSection(ProjectConfigurationPlatforms) = postSolution
		{FE76891C-A20F-4924-9E0B-B193B6B11214}.Debug|Any CPU.ActiveCfg = Debug|Any CPU
		{FE76891C-A20F-4924-9E0B-B193B6B11214}.Debug|Any CPU.Build.0 = Debug|Any CPU
		{FE76891C-A20F-4924-9E0B-B193B6B11214}.Release|Any CPU.ActiveCfg = Release|Any CPU
		{FE76891C-A20F-4924-9E0B-B193B6B11214}.Release|Any CPU.Build.0 = Release|Any CPU
	EndGlobalSection
	GlobalSection(SolutionProperties) = preSolution
		HideSolutionNode = FALSE
	EndGlobalSection
	GlobalSection(ExtensibilityGlobals) = postSolution
		SolutionGuid = {EB16B6FE-2B97-4448-8FE1-3D37633EF655}
	EndGlobalSection
EndGlobal
