
Microsoft Visual Studio Solution File, Format Version 12.00
# Visual Studio Version 17
VisualStudioVersion = 17.4.33213.308
MinimumVisualStudioVersion = 10.0.40219.1
Project("{FAE04EC0-301F-11D3-BF4B-00C04F79EFBC}") = "Lab4", "Lab4.csproj", "{11BD5E93-41EC-4ACE-AC4D-4A7ED7753A9A}"
EndProject
Global
	GlobalSection(SolutionConfigurationPlatforms) = preSolution
		Debug|Any CPU = Debug|Any CPU
		Release|Any CPU = Release|Any CPU
	EndGlobalSection
	GlobalSection(ProjectConfigurationPlatforms) = postSolution
		{11BD5E93-41EC-4ACE-AC4D-4A7ED7753A9A}.Debug|Any CPU.ActiveCfg = Debug|Any CPU
		{11BD5E93-41EC-4ACE-AC4D-4A7ED7753A9A}.Debug|Any CPU.Build.0 = Debug|Any CPU
		{11BD5E93-41EC-4ACE-AC4D-4A7ED7753A9A}.Release|Any CPU.ActiveCfg = Release|Any CPU
		{11BD5E93-41EC-4ACE-AC4D-4A7ED7753A9A}.Release|Any CPU.Build.0 = Release|Any CPU
	EndGlobalSection
	GlobalSection(SolutionProperties) = preSolution
		HideSolutionNode = FALSE
	EndGlobalSection
	GlobalSection(ExtensibilityGlobals) = postSolution
		SolutionGuid = {6FD646E4-095C-4775-8693-B75555309FC3}
	EndGlobalSection
EndGlobal
