
Microsoft Visual Studio Solution File, Format Version 12.00
# Visual Studio Version 17
VisualStudioVersion = 17.4.33213.308
MinimumVisualStudioVersion = 10.0.40219.1
Project("{FAE04EC0-301F-11D3-BF4B-00C04F79EFBC}") = "Lab3a", "Lab3a.csproj", "{F08F059F-B908-4527-BF1E-7DE3C5D0BCED}"
EndProject
Global
	GlobalSection(SolutionConfigurationPlatforms) = preSolution
		Debug|Any CPU = Debug|Any CPU
		Release|Any CPU = Release|Any CPU
	EndGlobalSection
	GlobalSection(ProjectConfigurationPlatforms) = postSolution
		{F08F059F-B908-4527-BF1E-7DE3C5D0BCED}.Debug|Any CPU.ActiveCfg = Debug|Any CPU
		{F08F059F-B908-4527-BF1E-7DE3C5D0BCED}.Debug|Any CPU.Build.0 = Debug|Any CPU
		{F08F059F-B908-4527-BF1E-7DE3C5D0BCED}.Release|Any CPU.ActiveCfg = Release|Any CPU
		{F08F059F-B908-4527-BF1E-7DE3C5D0BCED}.Release|Any CPU.Build.0 = Release|Any CPU
	EndGlobalSection
	GlobalSection(SolutionProperties) = preSolution
		HideSolutionNode = FALSE
	EndGlobalSection
	GlobalSection(ExtensibilityGlobals) = postSolution
		SolutionGuid = {3ACE2875-21A9-4366-89CF-052EB23493B3}
	EndGlobalSection
EndGlobal
